// !$*UTF8*$!
{
	archiveVersion = 1;
	classes = {
	};
	objectVersion = 77;
	objects = {

/* Begin PBXBuildFile section */
		5C4A354B2E18268E00D3ECEE /* README.md in Resources */ = {isa = PBXBuildFile; fileRef = 5C4A354A2E18267E00D3ECEE /* README.md */; };
/* End PBXBuildFile section */

/* Begin PBXContainerItemProxy section */
		5C4A303F2E05EEC500D3ECEE /* PBXContainerItemProxy */ = {
			isa = PBXContainerItemProxy;
			containerPortal = 5C4A30292E05EEC300D3ECEE /* Project object */;
			proxyType = 1;
			remoteGlobalIDString = 5C4A30302E05EEC300D3ECEE;
			remoteInfo = Canvas3DDragDrop;
		};
		5C4A30492E05EEC500D3ECEE /* PBXContainerItemProxy */ = {
			isa = PBXContainerItemProxy;
			containerPortal = 5C4A30292E05EEC300D3ECEE /* Project object */;
			proxyType = 1;
			remoteGlobalIDString = 5C4A30302E05EEC300D3ECEE;
			remoteInfo = Canvas3DDragDrop;
		};
/* End PBXContainerItemProxy section */

/* Begin PBXFileReference section */
		5C4A30312E05EEC300D3ECEE /* SoftAnchorCameraToCharacter.app */ = {isa = PBXFileReference; explicitFileType = wrapper.application; includeInIndex = 0; path = SoftAnchorCameraToCharacter.app; sourceTree = BUILT_PRODUCTS_DIR; };
		5C4A303E2E05EEC500D3ECEE /* SoftAnchorCameraToCharacterTests.xctest */ = {isa = PBXFileReference; explicitFileType = wrapper.cfbundle; includeInIndex = 0; path = SoftAnchorCameraToCharacterTests.xctest; sourceTree = BUILT_PRODUCTS_DIR; };
		5C4A30482E05EEC500D3ECEE /* SoftAnchorCameraToCharacterUITests.xctest */ = {isa = PBXFileReference; explicitFileType = wrapper.cfbundle; includeInIndex = 0; path = SoftAnchorCameraToCharacterUITests.xctest; sourceTree = BUILT_PRODUCTS_DIR; };
		5C4A354A2E18267E00D3ECEE /* README.md */ = {isa = PBXFileReference; lastKnownFileType = net.daringfireball.markdown; path = README.md; sourceTree = "<group>"; };
/* End PBXFileReference section */

/* Begin PBXFileSystemSynchronizedBuildFileExceptionSet section */
		5C4A30712E06EE3900D3ECEE /* Exceptions for "Canvas3DDragDrop" folder in "SoftAnchorCameraToCharacter" target */ = {
			isa = PBXFileSystemSynchronizedBuildFileExceptionSet;
			membershipExceptions = (
				Info.plist,
			);
			target = 5C4A30302E05EEC300D3ECEE /* SoftAnchorCameraToCharacter */;
		};
/* End PBXFileSystemSynchronizedBuildFileExceptionSet section */

/* Begin PBXFileSystemSynchronizedRootGroup section */
		5C4A30332E05EEC300D3ECEE /* Canvas3DDragDrop */ = {
			isa = PBXFileSystemSynchronizedRootGroup;
			exceptions = (
				5C4A30712E06EE3900D3ECEE /* Exceptions for "Canvas3DDragDrop" folder in "SoftAnchorCameraToCharacter" target */,
			);
			path = Canvas3DDragDrop;
			sourceTree = "<group>";
		};
/* End PBXFileSystemSynchronizedRootGroup section */

/* Begin PBXFrameworksBuildPhase section */
		5C4A302E2E05EEC300D3ECEE /* Frameworks */ = {
			isa = PBXFrameworksBuildPhase;
			buildActionMask = 2147483647;
			files = (
			);
			runOnlyForDeploymentPostprocessing = 0;
		};
		5C4A303B2E05EEC500D3ECEE /* Frameworks */ = {
			isa = PBXFrameworksBuildPhase;
			buildActionMask = 2147483647;
			files = (
			);
			runOnlyForDeploymentPostprocessing = 0;
		};
		5C4A30452E05EEC500D3ECEE /* Frameworks */ = {
			isa = PBXFrameworksBuildPhase;
			buildActionMask = 2147483647;
			files = (
			);
			runOnlyForDeploymentPostprocessing = 0;
		};
/* End PBXFrameworksBuildPhase section */

/* Begin PBXGroup section */
		5C4A30282E05EEC300D3ECEE = {
			isa = PBXGroup;
			children = (
				5C4A354A2E18267E00D3ECEE /* README.md */,
				5C4A30332E05EEC300D3ECEE /* Canvas3DDragDrop */,
				5C4A30322E05EEC300D3ECEE /* Products */,
			);
			sourceTree = "<group>";
		};
		5C4A30322E05EEC300D3ECEE /* Products */ = {
			isa = PBXGroup;
			children = (
				5C4A30312E05EEC300D3ECEE /* SoftAnchorCameraToCharacter.app */,
				5C4A303E2E05EEC500D3ECEE /* SoftAnchorCameraToCharacterTests.xctest */,
				5C4A30482E05EEC500D3ECEE /* SoftAnchorCameraToCharacterUITests.xctest */,
			);
			name = Products;
			sourceTree = "<group>";
		};
/* End PBXGroup section */

/* Begin PBXNativeTarget section */
		5C4A30302E05EEC300D3ECEE /* SoftAnchorCameraToCharacter */ = {
			isa = PBXNativeTarget;
			buildConfigurationList = 5C4A30522E05EEC500D3ECEE /* Build configuration list for PBXNativeTarget "SoftAnchorCameraToCharacter" */;
			buildPhases = (
				5C4A302D2E05EEC300D3ECEE /* Sources */,
				5C4A302E2E05EEC300D3ECEE /* Frameworks */,
				5C4A302F2E05EEC300D3ECEE /* Resources */,
			);
			buildRules = (
			);
			dependencies = (
			);
			fileSystemSynchronizedGroups = (
				5C4A30332E05EEC300D3ECEE /* Canvas3DDragDrop */,
			);
			name = SoftAnchorCameraToCharacter;
			packageProductDependencies = (
			);
			productName = Canvas3DDragDrop;
			productReference = 5C4A30312E05EEC300D3ECEE /* SoftAnchorCameraToCharacter.app */;
			productType = "com.apple.product-type.application";
		};
		5C4A303D2E05EEC500D3ECEE /* SoftAnchorCameraToCharacterTests */ = {
			isa = PBXNativeTarget;
			buildConfigurationList = 5C4A30552E05EEC500D3ECEE /* Build configuration list for PBXNativeTarget "SoftAnchorCameraToCharacterTests" */;
			buildPhases = (
				5C4A303A2E05EEC500D3ECEE /* Sources */,
				5C4A303B2E05EEC500D3ECEE /* Frameworks */,
				5C4A303C2E05EEC500D3ECEE /* Resources */,
			);
			buildRules = (
			);
			dependencies = (
				5C4A30402E05EEC500D3ECEE /* PBXTargetDependency */,
			);
			name = SoftAnchorCameraToCharacterTests;
			packageProductDependencies = (
			);
			productName = Canvas3DDragDropTests;
			productReference = 5C4A303E2E05EEC500D3ECEE /* SoftAnchorCameraToCharacterTests.xctest */;
			productType = "com.apple.product-type.bundle.unit-test";
		};
		5C4A30472E05EEC500D3ECEE /* SoftAnchorCameraToCharacterUITests */ = {
			isa = PBXNativeTarget;
			buildConfigurationList = 5C4A30582E05EEC500D3ECEE /* Build configuration list for PBXNativeTarget "SoftAnchorCameraToCharacterUITests" */;
			buildPhases = (
				5C4A30442E05EEC500D3ECEE /* Sources */,
				5C4A30452E05EEC500D3ECEE /* Frameworks */,
				5C4A30462E05EEC500D3ECEE /* Resources */,
			);
			buildRules = (
			);
			dependencies = (
				5C4A304A2E05EEC500D3ECEE /* PBXTargetDependency */,
			);
			name = SoftAnchorCameraToCharacterUITests;
			packageProductDependencies = (
			);
			productName = Canvas3DDragDropUITests;
			productReference = 5C4A30482E05EEC500D3ECEE /* SoftAnchorCameraToCharacterUITests.xctest */;
			productType = "com.apple.product-type.bundle.ui-testing";
		};
/* End PBXNativeTarget section */

/* Begin PBXProject section */
		5C4A30292E05EEC300D3ECEE /* Project object */ = {
			isa = PBXProject;
			attributes = {
				BuildIndependentTargetsInParallel = 1;
				LastSwiftUpdateCheck = 1630;
				LastUpgradeCheck = 1630;
				TargetAttributes = {
					5C4A30302E05EEC300D3ECEE = {
						CreatedOnToolsVersion = 16.3;
					};
					5C4A303D2E05EEC500D3ECEE = {
						CreatedOnToolsVersion = 16.3;
						TestTargetID = 5C4A30302E05EEC300D3ECEE;
					};
					5C4A30472E05EEC500D3ECEE = {
						CreatedOnToolsVersion = 16.3;
						TestTargetID = 5C4A30302E05EEC300D3ECEE;
					};
				};
			};
			buildConfigurationList = 5C4A302C2E05EEC300D3ECEE /* Build configuration list for PBXProject "SoftAnchorCameraToCharacter" */;
			developmentRegion = en;
			hasScannedForEncodings = 0;
			knownRegions = (
				en,
				Base,
			);
			mainGroup = 5C4A30282E05EEC300D3ECEE;
			minimizedProjectReferenceProxies = 1;
			preferredProjectObjectVersion = 77;
			productRefGroup = 5C4A30322E05EEC300D3ECEE /* Products */;
			projectDirPath = "";
			projectRoot = "";
			targets = (
				5C4A30302E05EEC300D3ECEE /* SoftAnchorCameraToCharacter */,
				5C4A303D2E05EEC500D3ECEE /* SoftAnchorCameraToCharacterTests */,
				5C4A30472E05EEC500D3ECEE /* SoftAnchorCameraToCharacterUITests */,
			);
		};
/* End PBXProject section */

/* Begin PBXResourcesBuildPhase section */
		5C4A302F2E05EEC300D3ECEE /* Resources */ = {
			isa = PBXResourcesBuildPhase;
			buildActionMask = 2147483647;
			files = (
				5C4A354B2E18268E00D3ECEE /* README.md in Resources */,
			);
			runOnlyForDeploymentPostprocessing = 0;
		};
		5C4A303C2E05EEC500D3ECEE /* Resources */ = {
			isa = PBXResourcesBuildPhase;
			buildActionMask = 2147483647;
			files = (
			);
			runOnlyForDeploymentPostprocessing = 0;
		};
		5C4A30462E05EEC500D3ECEE /* Resources */ = {
			isa = PBXResourcesBuildPhase;
			buildActionMask = 2147483647;
			files = (
			);
			runOnlyForDeploymentPostprocessing = 0;
		};
/* End PBXResourcesBuildPhase section */

/* Begin PBXSourcesBuildPhase section */
		5C4A302D2E05EEC300D3ECEE /* Sources */ = {
			isa = PBXSourcesBuildPhase;
			buildActionMask = 2147483647;
			files = (
			);
			runOnlyForDeploymentPostprocessing = 0;
		};
		5C4A303A2E05EEC500D3ECEE /* Sources */ = {
			isa = PBXSourcesBuildPhase;
			buildActionMask = 2147483647;
			files = (
			);
			runOnlyForDeploymentPostprocessing = 0;
		};
		5C4A30442E05EEC500D3ECEE /* Sources */ = {
			isa = PBXSourcesBuildPhase;
			buildActionMask = 2147483647;
			files = (
			);
			runOnlyForDeploymentPostprocessing = 0;
		};
/* End PBXSourcesBuildPhase section */

/* Begin PBXTargetDependency section */
		5C4A30402E05EEC500D3ECEE /* PBXTargetDependency */ = {
			isa = PBXTargetDependency;
			target = 5C4A30302E05EEC300D3ECEE /* SoftAnchorCameraToCharacter */;
			targetProxy = 5C4A303F2E05EEC500D3ECEE /* PBXContainerItemProxy */;
		};
		5C4A304A2E05EEC500D3ECEE /* PBXTargetDependency */ = {
			isa = PBXTargetDependency;
			target = 5C4A30302E05EEC300D3ECEE /* SoftAnchorCameraToCharacter */;
			targetProxy = 5C4A30492E05EEC500D3ECEE /* PBXContainerItemProxy */;
		};
/* End PBXTargetDependency section */

/* Begin XCBuildConfiguration section */
		5C4A30502E05EEC500D3ECEE /* Debug */ = {
			isa = XCBuildConfiguration;
			buildSettings = {
				ALWAYS_SEARCH_USER_PATHS = NO;
				ASSETCATALOG_COMPILER_GENERATE_SWIFT_ASSET_SYMBOL_EXTENSIONS = YES;
				CLANG_ANALYZER_NONNULL = YES;
				CLANG_ANALYZER_NUMBER_OBJECT_CONVERSION = YES_AGGRESSIVE;
				CLANG_CXX_LANGUAGE_STANDARD = "gnu++20";
				CLANG_ENABLE_MODULES = YES;
				CLANG_ENABLE_OBJC_ARC = YES;
				CLANG_ENABLE_OBJC_WEAK = YES;
				CLANG_WARN_BLOCK_CAPTURE_AUTORELEASING = YES;
				CLANG_WARN_BOOL_CONVERSION = YES;
				CLANG_WARN_COMMA = YES;
				CLANG_WARN_CONSTANT_CONVERSION = YES;
				CLANG_WARN_DEPRECATED_OBJC_IMPLEMENTATIONS = YES;
				CLANG_WARN_DIRECT_OBJC_ISA_USAGE = YES_ERROR;
				CLANG_WARN_DOCUMENTATION_COMMENTS = YES;
				CLANG_WARN_EMPTY_BODY = YES;
				CLANG_WARN_ENUM_CONVERSION = YES;
				CLANG_WARN_INFINITE_RECURSION = YES;
				CLANG_WARN_INT_CONVERSION = YES;
				CLANG_WARN_NON_LITERAL_NULL_CONVERSION = YES;
				CLANG_WARN_OBJC_IMPLICIT_RETAIN_SELF = YES;
				CLANG_WARN_OBJC_LITERAL_CONVERSION = YES;
				CLANG_WARN_OBJC_ROOT_CLASS = YES_ERROR;
				CLANG_WARN_QUOTED_INCLUDE_IN_FRAMEWORK_HEADER = YES;
				CLANG_WARN_RANGE_LOOP_ANALYSIS = YES;
				CLANG_WARN_STRICT_PROTOTYPES = YES;
				CLANG_WARN_SUSPICIOUS_MOVE = YES;
				CLANG_WARN_UNGUARDED_AVAILABILITY = YES_AGGRESSIVE;
				CLANG_WARN_UNREACHABLE_CODE = YES;
				CLANG_WARN__DUPLICATE_METHOD_MATCH = YES;
				COPY_PHASE_STRIP = NO;
				DEBUG_INFORMATION_FORMAT = dwarf;
				DEVELOPMENT_TEAM = KY4XDK75RG;
				ENABLE_STRICT_OBJC_MSGSEND = YES;
				ENABLE_TESTABILITY = YES;
				ENABLE_USER_SCRIPT_SANDBOXING = YES;
				GCC_C_LANGUAGE_STANDARD = gnu17;
				GCC_DYNAMIC_NO_PIC = NO;
				GCC_NO_COMMON_BLOCKS = YES;
				GCC_OPTIMIZATION_LEVEL = 0;
				GCC_PREPROCESSOR_DEFINITIONS = (
					"DEBUG=1",
					"$(inherited)",
				);
				GCC_WARN_64_TO_32_BIT_CONVERSION = YES;
				GCC_WARN_ABOUT_RETURN_TYPE = YES_ERROR;
				GCC_WARN_UNDECLARED_SELECTOR = YES;
				GCC_WARN_UNINITIALIZED_AUTOS = YES_AGGRESSIVE;
				GCC_WARN_UNUSED_FUNCTION = YES;
				GCC_WARN_UNUSED_VARIABLE = YES;
				IPHONEOS_DEPLOYMENT_TARGET = 18.4;
				LOCALIZATION_PREFERS_STRING_CATALOGS = YES;
				MTL_ENABLE_DEBUG_INFO = INCLUDE_SOURCE;
				MTL_FAST_MATH = YES;
				ONLY_ACTIVE_ARCH = YES;
				SDKROOT = iphoneos;
				SWIFT_ACTIVE_COMPILATION_CONDITIONS = "DEBUG $(inherited)";
				SWIFT_OPTIMIZATION_LEVEL = "-Onone";
			};
			name = Debug;
		};
		5C4A30512E05EEC500D3ECEE /* Release */ = {
			isa = XCBuildConfiguration;
			buildSettings = {
				ALWAYS_SEARCH_USER_PATHS = NO;
				ASSETCATALOG_COMPILER_GENERATE_SWIFT_ASSET_SYMBOL_EXTENSIONS = YES;
				CLANG_ANALYZER_NONNULL = YES;
				CLANG_ANALYZER_NUMBER_OBJECT_CONVERSION = YES_AGGRESSIVE;
				CLANG_CXX_LANGUAGE_STANDARD = "gnu++20";
				CLANG_ENABLE_MODULES = YES;
				CLANG_ENABLE_OBJC_ARC = YES;
				CLANG_ENABLE_OBJC_WEAK = YES;
				CLANG_WARN_BLOCK_CAPTURE_AUTORELEASING = YES;
				CLANG_WARN_BOOL_CONVERSION = YES;
				CLANG_WARN_COMMA = YES;
				CLANG_WARN_CONSTANT_CONVERSION = YES;
				CLANG_WARN_DEPRECATED_OBJC_IMPLEMENTATIONS = YES;
				CLANG_WARN_DIRECT_OBJC_ISA_USAGE = YES_ERROR;
				CLANG_WARN_DOCUMENTATION_COMMENTS = YES;
				CLANG_WARN_EMPTY_BODY = YES;
				CLANG_WARN_ENUM_CONVERSION = YES;
				CLANG_WARN_INFINITE_RECURSION = YES;
				CLANG_WARN_INT_CONVERSION = YES;
				CLANG_WARN_NON_LITERAL_NULL_CONVERSION = YES;
				CLANG_WARN_OBJC_IMPLICIT_RETAIN_SELF = YES;
				CLANG_WARN_OBJC_LITERAL_CONVERSION = YES;
				CLANG_WARN_OBJC_ROOT_CLASS = YES_ERROR;
				CLANG_WARN_QUOTED_INCLUDE_IN_FRAMEWORK_HEADER = YES;
				CLANG_WARN_RANGE_LOOP_ANALYSIS = YES;
				CLANG_WARN_STRICT_PROTOTYPES = YES;
				CLANG_WARN_SUSPICIOUS_MOVE = YES;
				CLANG_WARN_UNGUARDED_AVAILABILITY = YES_AGGRESSIVE;
				CLANG_WARN_UNREACHABLE_CODE = YES;
				CLANG_WARN__DUPLICATE_METHOD_MATCH = YES;
				COPY_PHASE_STRIP = NO;
				DEBUG_INFORMATION_FORMAT = "dwarf-with-dsym";
				DEVELOPMENT_TEAM = KY4XDK75RG;
				ENABLE_NS_ASSERTIONS = NO;
				ENABLE_STRICT_OBJC_MSGSEND = YES;
				ENABLE_USER_SCRIPT_SANDBOXING = YES;
				GCC_C_LANGUAGE_STANDARD = gnu17;
				GCC_NO_COMMON_BLOCKS = YES;
				GCC_WARN_64_TO_32_BIT_CONVERSION = YES;
				GCC_WARN_ABOUT_RETURN_TYPE = YES_ERROR;
				GCC_WARN_UNDECLARED_SELECTOR = YES;
				GCC_WARN_UNINITIALIZED_AUTOS = YES_AGGRESSIVE;
				GCC_WARN_UNUSED_FUNCTION = YES;
				GCC_WARN_UNUSED_VARIABLE = YES;
				IPHONEOS_DEPLOYMENT_TARGET = 18.4;
				LOCALIZATION_PREFERS_STRING_CATALOGS = YES;
				MTL_ENABLE_DEBUG_INFO = NO;
				MTL_FAST_MATH = YES;
				SDKROOT = iphoneos;
				SWIFT_COMPILATION_MODE = wholemodule;
				VALIDATE_PRODUCT = YES;
			};
			name = Release;
		};
		5C4A30532E05EEC500D3ECEE /* Debug */ = {
			isa = XCBuildConfiguration;
			buildSettings = {
				ASSETCATALOG_COMPILER_APPICON_NAME = AppIcon;
				ASSETCATALOG_COMPILER_GLOBAL_ACCENT_COLOR_NAME = AccentColor;
				CODE_SIGN_STYLE = Automatic;
				CURRENT_PROJECT_VERSION = 1;
				DEVELOPMENT_TEAM = KY4XDK75RG;
				ENABLE_PREVIEWS = YES;
				GENERATE_INFOPLIST_FILE = YES;
				INFOPLIST_FILE = Canvas3DDragDrop/Info.plist;
				INFOPLIST_KEY_UIApplicationSceneManifest_Generation = YES;
				INFOPLIST_KEY_UIApplicationSupportsIndirectInputEvents = YES;
				INFOPLIST_KEY_UILaunchScreen_Generation = YES;
				INFOPLIST_KEY_UISupportedInterfaceOrientations_iPad = "UIInterfaceOrientationPortrait UIInterfaceOrientationPortraitUpsideDown UIInterfaceOrientationLandscapeLeft UIInterfaceOrientationLandscapeRight";
				INFOPLIST_KEY_UISupportedInterfaceOrientations_iPhone = "UIInterfaceOrientationPortrait UIInterfaceOrientationLandscapeLeft UIInterfaceOrientationLandscapeRight";
				LD_RUNPATH_SEARCH_PATHS = (
					"$(inherited)",
					"@executable_path/Frameworks",
				);
				MARKETING_VERSION = 1.0;
				PRODUCT_BUNDLE_IDENTIFIER = com.apple.academy.Canvas3DDragDrop;
				PRODUCT_NAME = "$(TARGET_NAME)";
				SWIFT_EMIT_LOC_STRINGS = YES;
				SWIFT_VERSION = 5.0;
				TARGETED_DEVICE_FAMILY = "1,2";
			};
			name = Debug;
		};
		5C4A30542E05EEC500D3ECEE /* Release */ = {
			isa = XCBuildConfiguration;
			buildSettings = {
				ASSETCATALOG_COMPILER_APPICON_NAME = AppIcon;
				ASSETCATALOG_COMPILER_GLOBAL_ACCENT_COLOR_NAME = AccentColor;
				CODE_SIGN_STYLE = Automatic;
				CURRENT_PROJECT_VERSION = 1;
				DEVELOPMENT_TEAM = KY4XDK75RG;
				ENABLE_PREVIEWS = YES;
				GENERATE_INFOPLIST_FILE = YES;
				INFOPLIST_FILE = Canvas3DDragDrop/Info.plist;
				INFOPLIST_KEY_UIApplicationSceneManifest_Generation = YES;
				INFOPLIST_KEY_UIApplicationSupportsIndirectInputEvents = YES;
				INFOPLIST_KEY_UILaunchScreen_Generation = YES;
				INFOPLIST_KEY_UISupportedInterfaceOrientations_iPad = "UIInterfaceOrientationPortrait UIInterfaceOrientationPortraitUpsideDown UIInterfaceOrientationLandscapeLeft UIInterfaceOrientationLandscapeRight";
				INFOPLIST_KEY_UISupportedInterfaceOrientations_iPhone = "UIInterfaceOrientationPortrait UIInterfaceOrientationLandscapeLeft UIInterfaceOrientationLandscapeRight";
				LD_RUNPATH_SEARCH_PATHS = (
					"$(inherited)",
					"@executable_path/Frameworks",
				);
				MARKETING_VERSION = 1.0;
				PRODUCT_BUNDLE_IDENTIFIER = com.apple.academy.Canvas3DDragDrop;
				PRODUCT_NAME = "$(TARGET_NAME)";
				SWIFT_EMIT_LOC_STRINGS = YES;
				SWIFT_VERSION = 5.0;
				TARGETED_DEVICE_FAMILY = "1,2";
			};
			name = Release;
		};
		5C4A30562E05EEC500D3ECEE /* Debug */ = {
			isa = XCBuildConfiguration;
			buildSettings = {
				BUNDLE_LOADER = "$(TEST_HOST)";
				CODE_SIGN_STYLE = Automatic;
				CURRENT_PROJECT_VERSION = 1;
				DEVELOPMENT_TEAM = KY4XDK75RG;
				GENERATE_INFOPLIST_FILE = YES;
				IPHONEOS_DEPLOYMENT_TARGET = 18.4;
				MARKETING_VERSION = 1.0;
				PRODUCT_BUNDLE_IDENTIFIER = com.apple.academy.Canvas3DDragDropTests;
				PRODUCT_NAME = "$(TARGET_NAME)";
				SWIFT_EMIT_LOC_STRINGS = NO;
				SWIFT_VERSION = 5.0;
				TARGETED_DEVICE_FAMILY = "1,2";
				TEST_HOST = "$(BUILT_PRODUCTS_DIR)/SoftAnchorCameraToCharacter.app/$(BUNDLE_EXECUTABLE_FOLDER_PATH)/SoftAnchorCameraToCharacter";
			};
			name = Debug;
		};
		5C4A30572E05EEC500D3ECEE /* Release */ = {
			isa = XCBuildConfiguration;
			buildSettings = {
				BUNDLE_LOADER = "$(TEST_HOST)";
				CODE_SIGN_STYLE = Automatic;
				CURRENT_PROJECT_VERSION = 1;
				DEVELOPMENT_TEAM = KY4XDK75RG;
				GENERATE_INFOPLIST_FILE = YES;
				IPHONEOS_DEPLOYMENT_TARGET = 18.4;
				MARKETING_VERSION = 1.0;
				PRODUCT_BUNDLE_IDENTIFIER = com.apple.academy.Canvas3DDragDropTests;
				PRODUCT_NAME = "$(TARGET_NAME)";
				SWIFT_EMIT_LOC_STRINGS = NO;
				SWIFT_VERSION = 5.0;
				TARGETED_DEVICE_FAMILY = "1,2";
				TEST_HOST = "$(BUILT_PRODUCTS_DIR)/SoftAnchorCameraToCharacter.app/$(BUNDLE_EXECUTABLE_FOLDER_PATH)/SoftAnchorCameraToCharacter";
			};
			name = Release;
		};
		5C4A30592E05EEC500D3ECEE /* Debug */ = {
			isa = XCBuildConfiguration;
			buildSettings = {
				CODE_SIGN_STYLE = Automatic;
				CURRENT_PROJECT_VERSION = 1;
				DEVELOPMENT_TEAM = KY4XDK75RG;
				GENERATE_INFOPLIST_FILE = YES;
				MARKETING_VERSION = 1.0;
				PRODUCT_BUNDLE_IDENTIFIER = com.apple.academy.Canvas3DDragDropUITests;
				PRODUCT_NAME = "$(TARGET_NAME)";
				SWIFT_EMIT_LOC_STRINGS = NO;
				SWIFT_VERSION = 5.0;
				TARGETED_DEVICE_FAMILY = "1,2";
				TEST_TARGET_NAME = Canvas3DDragDrop;
			};
			name = Debug;
		};
		5C4A305A2E05EEC500D3ECEE /* Release */ = {
			isa = XCBuildConfiguration;
			buildSettings = {
				CODE_SIGN_STYLE = Automatic;
				CURRENT_PROJECT_VERSION = 1;
				DEVELOPMENT_TEAM = KY4XDK75RG;
				GENERATE_INFOPLIST_FILE = YES;
				MARKETING_VERSION = 1.0;
				PRODUCT_BUNDLE_IDENTIFIER = com.apple.academy.Canvas3DDragDropUITests;
				PRODUCT_NAME = "$(TARGET_NAME)";
				SWIFT_EMIT_LOC_STRINGS = NO;
				SWIFT_VERSION = 5.0;
				TARGETED_DEVICE_FAMILY = "1,2";
				TEST_TARGET_NAME = Canvas3DDragDrop;
			};
			name = Release;
		};
/* End XCBuildConfiguration section */

/* Begin XCConfigurationList section */
		5C4A302C2E05EEC300D3ECEE /* Build configuration list for PBXProject "SoftAnchorCameraToCharacter" */ = {
			isa = XCConfigurationList;
			buildConfigurations = (
				5C4A30502E05EEC500D3ECEE /* Debug */,
				5C4A30512E05EEC500D3ECEE /* Release */,
			);
			defaultConfigurationIsVisible = 0;
			defaultConfigurationName = Release;
		};
		5C4A30522E05EEC500D3ECEE /* Build configuration list for PBXNativeTarget "SoftAnchorCameraToCharacter" */ = {
			isa = XCConfigurationList;
			buildConfigurations = (
				5C4A30532E05EEC500D3ECEE /* Debug */,
				5C4A30542E05EEC500D3ECEE /* Release */,
			);
			defaultConfigurationIsVisible = 0;
			defaultConfigurationName = Release;
		};
		5C4A30552E05EEC500D3ECEE /* Build configuration list for PBXNativeTarget "SoftAnchorCameraToCharacterTests" */ = {
			isa = XCConfigurationList;
			buildConfigurations = (
				5C4A30562E05EEC500D3ECEE /* Debug */,
				5C4A30572E05EEC500D3ECEE /* Release */,
			);
			defaultConfigurationIsVisible = 0;
			defaultConfigurationName = Release;
		};
		5C4A30582E05EEC500D3ECEE /* Build configuration list for PBXNativeTarget "SoftAnchorCameraToCharacterUITests" */ = {
			isa = XCConfigurationList;
			buildConfigurations = (
				5C4A30592E05EEC500D3ECEE /* Debug */,
				5C4A305A2E05EEC500D3ECEE /* Release */,
			);
			defaultConfigurationIsVisible = 0;
			defaultConfigurationName = Release;
		};
/* End XCConfigurationList section */
	};
	rootObject = 5C4A30292E05EEC300D3ECEE /* Project object */;
}
